{
  "name": "gx-renderer",
  "version": "1.0.0",
  "lockfileVersion": 1,
  "requires": true,
  "dependencies": {
    "@types/babel-types": {
      "version": "7.0.3",
      "resolved": "https://registry.npmjs.org/@types/babel-types/-/babel-types-7.0.3.tgz",
      "integrity": "sha512-fm2ymG5DSwzaIRx6eUvuftTufjbeHnxLBIQTNbfO27Q1OzPKNrnfVAAcCMC++AbPTDYjBGWXBo2g8SYjN0Lm3Q=="
    },
    "@types/babylon": {
      "version": "6.16.3",
      "resolved": "https://registry.npmjs.org/@types/babylon/-/babylon-6.16.3.tgz",
      "integrity": "sha512-lyJ8sW1PbY3uwuvpOBZ9zMYKshMnQpXmeDHh8dj9j2nJm/xrW0FgB5gLSYOArj5X0IfaXnmhFoJnhS4KbqIMug==",
      "requires": {
        "@types/babel-types": "7.0.3"
      }
    },
    "@types/node": {
      "version": "10.11.3",
      "resolved": "https://registry.npmjs.org/@types/node/-/node-10.11.3.tgz",
      "integrity": "sha512-3AvcEJAh9EMatxs+OxAlvAEs7OTy6AG94mcH1iqyVDwVVndekLxzwkWQ/Z4SDbY6GO2oyUXyWW8tQ4rENSSQVQ==",
      "dev": true
    },
    "babylon": {
      "version": "6.18.0",
      "resolved": "https://registry.npmjs.org/babylon/-/babylon-6.18.0.tgz",
      "integrity": "sha512-q/UEjfGJ2Cm3oKV71DJz9d25TPnq5rhBVL2Q4fA5wcC3jcrdn7+SssEybFIxwAvvP+YCsCYNKughoF33GxgycQ=="
    }
  }
}
