Microsoft Visual Studio Solution File, Format Version 12.00
# Visual Studio 15
VisualStudioVersion = 15.0.26124.0
MinimumVisualStudioVersion = 15.0.26124.0
Project("{9A19103F-16F7-4668-BE54-9A1E7A4F7556}") = "compiler", "mcompiler\compiler.csproj", "{D17372FB-0AC7-44B7-A2FF-5F1DA0DC8550}"
EndProject
Project("{9A19103F-16F7-4668-BE54-9A1E7A4F7556}") = "mc", "mc\mc.csproj", "{1FD10425-1AD3-4B79-82F5-E321FD329264}"
EndProject
Project("{9A19103F-16F7-4668-BE54-9A1E7A4F7556}") = "MCompiler.Tests", "MCompiler.Tests\MCompiler.Tests.csproj", "{E2E21CD5-99C2-45C1-82BD-A0BFC0EF6FDE}"
EndProject
Global
	GlobalSection(SolutionConfigurationPlatforms) = preSolution
		Debug|Any CPU = Debug|Any CPU
		Debug|x64 = Debug|x64
		Debug|x86 = Debug|x86
		Release|Any CPU = Release|Any CPU
		Release|x64 = Release|x64
		Release|x86 = Release|x86
	EndGlobalSection
	GlobalSection(ProjectConfigurationPlatforms) = postSolution
		{D17372FB-0AC7-44B7-A2FF-5F1DA0DC8550}.Debug|Any CPU.ActiveCfg = Debug|Any CPU
		{D17372FB-0AC7-44B7-A2FF-5F1DA0DC8550}.Debug|Any CPU.Build.0 = Debug|Any CPU
		{D17372FB-0AC7-44B7-A2FF-5F1DA0DC8550}.Debug|x64.ActiveCfg = Debug|Any CPU
		{D17372FB-0AC7-44B7-A2FF-5F1DA0DC8550}.Debug|x64.Build.0 = Debug|Any CPU
		{D17372FB-0AC7-44B7-A2FF-5F1DA0DC8550}.Debug|x86.ActiveCfg = Debug|Any CPU
		{D17372FB-0AC7-44B7-A2FF-5F1DA0DC8550}.Debug|x86.Build.0 = Debug|Any CPU
		{D17372FB-0AC7-44B7-A2FF-5F1DA0DC8550}.Release|Any CPU.ActiveCfg = Release|Any CPU
		{D17372FB-0AC7-44B7-A2FF-5F1DA0DC8550}.Release|Any CPU.Build.0 = Release|Any CPU
		{D17372FB-0AC7-44B7-A2FF-5F1DA0DC8550}.Release|x64.ActiveCfg = Release|Any CPU
		{D17372FB-0AC7-44B7-A2FF-5F1DA0DC8550}.Release|x64.Build.0 = Release|Any CPU
		{D17372FB-0AC7-44B7-A2FF-5F1DA0DC8550}.Release|x86.ActiveCfg = Release|Any CPU
		{D17372FB-0AC7-44B7-A2FF-5F1DA0DC8550}.Release|x86.Build.0 = Release|Any CPU
		{1FD10425-1AD3-4B79-82F5-E321FD329264}.Debug|Any CPU.ActiveCfg = Debug|Any CPU
		{1FD10425-1AD3-4B79-82F5-E321FD329264}.Debug|Any CPU.Build.0 = Debug|Any CPU
		{1FD10425-1AD3-4B79-82F5-E321FD329264}.Debug|x64.ActiveCfg = Debug|Any CPU
		{1FD10425-1AD3-4B79-82F5-E321FD329264}.Debug|x64.Build.0 = Debug|Any CPU
		{1FD10425-1AD3-4B79-82F5-E321FD329264}.Debug|x86.ActiveCfg = Debug|Any CPU
		{1FD10425-1AD3-4B79-82F5-E321FD329264}.Debug|x86.Build.0 = Debug|Any CPU
		{1FD10425-1AD3-4B79-82F5-E321FD329264}.Release|Any CPU.ActiveCfg = Release|Any CPU
		{1FD10425-1AD3-4B79-82F5-E321FD329264}.Release|Any CPU.Build.0 = Release|Any CPU
		{1FD10425-1AD3-4B79-82F5-E321FD329264}.Release|x64.ActiveCfg = Release|Any CPU
		{1FD10425-1AD3-4B79-82F5-E321FD329264}.Release|x64.Build.0 = Release|Any CPU
		{1FD10425-1AD3-4B79-82F5-E321FD329264}.Release|x86.ActiveCfg = Release|Any CPU
		{1FD10425-1AD3-4B79-82F5-E321FD329264}.Release|x86.Build.0 = Release|Any CPU
		{E2E21CD5-99C2-45C1-82BD-A0BFC0EF6FDE}.Debug|Any CPU.ActiveCfg = Debug|Any CPU
		{E2E21CD5-99C2-45C1-82BD-A0BFC0EF6FDE}.Debug|Any CPU.Build.0 = Debug|Any CPU
		{E2E21CD5-99C2-45C1-82BD-A0BFC0EF6FDE}.Debug|x64.ActiveCfg = Debug|Any CPU
		{E2E21CD5-99C2-45C1-82BD-A0BFC0EF6FDE}.Debug|x64.Build.0 = Debug|Any CPU
		{E2E21CD5-99C2-45C1-82BD-A0BFC0EF6FDE}.Debug|x86.ActiveCfg = Debug|Any CPU
		{E2E21CD5-99C2-45C1-82BD-A0BFC0EF6FDE}.Debug|x86.Build.0 = Debug|Any CPU
		{E2E21CD5-99C2-45C1-82BD-A0BFC0EF6FDE}.Release|Any CPU.ActiveCfg = Release|Any CPU
		{E2E21CD5-99C2-45C1-82BD-A0BFC0EF6FDE}.Release|Any CPU.Build.0 = Release|Any CPU
		{E2E21CD5-99C2-45C1-82BD-A0BFC0EF6FDE}.Release|x64.ActiveCfg = Release|Any CPU
		{E2E21CD5-99C2-45C1-82BD-A0BFC0EF6FDE}.Release|x64.Build.0 = Release|Any CPU
		{E2E21CD5-99C2-45C1-82BD-A0BFC0EF6FDE}.Release|x86.ActiveCfg = Release|Any CPU
		{E2E21CD5-99C2-45C1-82BD-A0BFC0EF6FDE}.Release|x86.Build.0 = Release|Any CPU
	EndGlobalSection
	GlobalSection(SolutionProperties) = preSolution
		HideSolutionNode = FALSE
	EndGlobalSection
	GlobalSection(ExtensibilityGlobals) = postSolution
		SolutionGuid = {F408D7B6-71A6-4AB1-B1E9-C2890FEE93F4}
	EndGlobalSection
EndGlobal
